
Microsoft Visual Studio Solution File, Format Version 12.00
# Visual Studio Version 17
VisualStudioVersion = 17.7.34024.191
MinimumVisualStudioVersion = 10.0.40219.1
Project("{FAE04EC0-301F-11D3-BF4B-00C04F79EFBC}") = "SignalRApi", "SignalRApi\SignalRApi.csproj", "{88545F1F-1215-435E-8F25-B10B0F02F74F}"
EndProject
Project("{FAE04EC0-301F-11D3-BF4B-00C04F79EFBC}") = "SignalRWebUI", "SignalRWebUI\SignalRWebUI.csproj", "{8CE88704-FDA3-4C58-92C3-71F8A998EA3F}"
EndProject
Project("{FAE04EC0-301F-11D3-BF4B-00C04F79EFBC}") = "SignalR.EntityLayer", "SignalR.EntityLayer\SignalR.EntityLayer.csproj", "{B20D2739-8C3E-44E9-A5C2-3518F1A13C1C}"
EndProject
Project("{FAE04EC0-301F-11D3-BF4B-00C04F79EFBC}") = "SignalR.DataAccessLayer", "SignalR.DataAccessLayer\SignalR.DataAccessLayer.csproj", "{59406AE1-9C0C-49EA-A396-D868CDB229E4}"
EndProject
Project("{FAE04EC0-301F-11D3-BF4B-00C04F79EFBC}") = "SignalR.DtoLayer", "SignalR.DtoLayer\SignalR.DtoLayer.csproj", "{6D9D7290-95A8-41E7-9979-3BC4F82528CA}"
EndProject
Project("{FAE04EC0-301F-11D3-BF4B-00C04F79EFBC}") = "SignalR.BusinessLayer", "SignalR.BusinessLayer\SignalR.BusinessLayer.csproj", "{F9600F92-088F-4B8C-B16C-1BC61137E3E2}"
EndProject
Global
	GlobalSection(SolutionConfigurationPlatforms) = preSolution
		Debug|Any CPU = Debug|Any CPU
		Release|Any CPU = Release|Any CPU
	EndGlobalSection
	GlobalSection(ProjectConfigurationPlatforms) = postSolution
		{88545F1F-1215-435E-8F25-B10B0F02F74F}.Debug|Any CPU.ActiveCfg = Debug|Any CPU
		{88545F1F-1215-435E-8F25-B10B0F02F74F}.Debug|Any CPU.Build.0 = Debug|Any CPU
		{88545F1F-1215-435E-8F25-B10B0F02F74F}.Release|Any CPU.ActiveCfg = Release|Any CPU
		{88545F1F-1215-435E-8F25-B10B0F02F74F}.Release|Any CPU.Build.0 = Release|Any CPU
		{8CE88704-FDA3-4C58-92C3-71F8A998EA3F}.Debug|Any CPU.ActiveCfg = Debug|Any CPU
		{8CE88704-FDA3-4C58-92C3-71F8A998EA3F}.Debug|Any CPU.Build.0 = Debug|Any CPU
		{8CE88704-FDA3-4C58-92C3-71F8A998EA3F}.Release|Any CPU.ActiveCfg = Release|Any CPU
		{8CE88704-FDA3-4C58-92C3-71F8A998EA3F}.Release|Any CPU.Build.0 = Release|Any CPU
		{B20D2739-8C3E-44E9-A5C2-3518F1A13C1C}.Debug|Any CPU.ActiveCfg = Debug|Any CPU
		{B20D2739-8C3E-44E9-A5C2-3518F1A13C1C}.Debug|Any CPU.Build.0 = Debug|Any CPU
		{B20D2739-8C3E-44E9-A5C2-3518F1A13C1C}.Release|Any CPU.ActiveCfg = Release|Any CPU
		{B20D2739-8C3E-44E9-A5C2-3518F1A13C1C}.Release|Any CPU.Build.0 = Release|Any CPU
		{59406AE1-9C0C-49EA-A396-D868CDB229E4}.Debug|Any CPU.ActiveCfg = Debug|Any CPU
		{59406AE1-9C0C-49EA-A396-D868CDB229E4}.Debug|Any CPU.Build.0 = Debug|Any CPU
		{59406AE1-9C0C-49EA-A396-D868CDB229E4}.Release|Any CPU.ActiveCfg = Release|Any CPU
		{59406AE1-9C0C-49EA-A396-D868CDB229E4}.Release|Any CPU.Build.0 = Release|Any CPU
		{6D9D7290-95A8-41E7-9979-3BC4F82528CA}.Debug|Any CPU.ActiveCfg = Debug|Any CPU
		{6D9D7290-95A8-41E7-9979-3BC4F82528CA}.Debug|Any CPU.Build.0 = Debug|Any CPU
		{6D9D7290-95A8-41E7-9979-3BC4F82528CA}.Release|Any CPU.ActiveCfg = Release|Any CPU
		{6D9D7290-95A8-41E7-9979-3BC4F82528CA}.Release|Any CPU.Build.0 = Release|Any CPU
		{F9600F92-088F-4B8C-B16C-1BC61137E3E2}.Debug|Any CPU.ActiveCfg = Debug|Any CPU
		{F9600F92-088F-4B8C-B16C-1BC61137E3E2}.Debug|Any CPU.Build.0 = Debug|Any CPU
		{F9600F92-088F-4B8C-B16C-1BC61137E3E2}.Release|Any CPU.ActiveCfg = Release|Any CPU
		{F9600F92-088F-4B8C-B16C-1BC61137E3E2}.Release|Any CPU.Build.0 = Release|Any CPU
	EndGlobalSection
	GlobalSection(SolutionProperties) = preSolution
		HideSolutionNode = FALSE
	EndGlobalSection
	GlobalSection(ExtensibilityGlobals) = postSolution
		SolutionGuid = {B40709F6-8674-4E1D-8E95-D9CFD5899D9B}
	EndGlobalSection
EndGlobal
